{
  "name": "foundry-fund-me",
  "lockfileVersion": 3,
  "requires": true,
  "packages": {
    "": {
      "dependencies": {
        "chainlink": "github:smartcontractkit/chainlink"
      }
    },
    "node_modules/chainlink": {
      "version": "2.18.0",
      "resolved": "git+ssh://git@github.com/smartcontractkit/chainlink.git#ed6f486d59c2cbdfa02c6fbfc3a42fb6d5f805a2",
      "license": "MIT",
      "engines": {
        "node": ">=18",
        "pnpm": ">=9"
      }
    }
  }
}
